
Microsoft Visual Studio Solution File, Format Version 12.00
# Visual Studio 15
VisualStudioVersion = 15.0.27703.2035
MinimumVisualStudioVersion = 10.0.40219.1
Project("{FAE04EC0-301F-11D3-BF4B-00C04F79EFBC}") = "FeedReader.Android", "src\FeedReader\FeedReader.Android\FeedReader.Android.csproj", "{604121B2-3A4F-4323-A4E4-E58992E46180}"
EndProject
Project("{FAE04EC0-301F-11D3-BF4B-00C04F79EFBC}") = "FeedReader.iOS", "src\FeedReader\FeedReader.iOS\FeedReader.iOS.csproj", "{D17EBFC7-B7F2-4C3A-A54E-4C3A162EABF8}"
EndProject
Project("{FAE04EC0-301F-11D3-BF4B-00C04F79EFBC}") = "FeedReader.UWP", "src\FeedReader\FeedReader.UWP\FeedReader.UWP.csproj", "{FA09AFEC-40EE-4E33-9DEB-334494521E6C}"
EndProject
Project("{FAE04EC0-301F-11D3-BF4B-00C04F79EFBC}") = "FeedReader", "src\FeedReader\FeedReader\FeedReader.csproj", "{A8701F7E-31BE-46D5-B9F2-DCE014611552}"
EndProject
Global
	GlobalSection(SolutionConfigurationPlatforms) = preSolution
		Ad-Hoc|Any CPU = Ad-Hoc|Any CPU
		Ad-Hoc|ARM = Ad-Hoc|ARM
		Ad-Hoc|iPhone = Ad-Hoc|iPhone
		Ad-Hoc|iPhoneSimulator = Ad-Hoc|iPhoneSimulator
		Ad-Hoc|x64 = Ad-Hoc|x64
		Ad-Hoc|x86 = Ad-Hoc|x86
		AppStore|Any CPU = AppStore|Any CPU
		AppStore|ARM = AppStore|ARM
		AppStore|iPhone = AppStore|iPhone
		AppStore|iPhoneSimulator = AppStore|iPhoneSimulator
		AppStore|x64 = AppStore|x64
		AppStore|x86 = AppStore|x86
		Debug|Any CPU = Debug|Any CPU
		Debug|ARM = Debug|ARM
		Debug|iPhone = Debug|iPhone
		Debug|iPhoneSimulator = Debug|iPhoneSimulator
		Debug|x64 = Debug|x64
		Debug|x86 = Debug|x86
		Release|Any CPU = Release|Any CPU
		Release|ARM = Release|ARM
		Release|iPhone = Release|iPhone
		Release|iPhoneSimulator = Release|iPhoneSimulator
		Release|x64 = Release|x64
		Release|x86 = Release|x86
	EndGlobalSection
	GlobalSection(ProjectConfigurationPlatforms) = postSolution
		{604121B2-3A4F-4323-A4E4-E58992E46180}.Ad-Hoc|Any CPU.ActiveCfg = Release|Any CPU
		{604121B2-3A4F-4323-A4E4-E58992E46180}.Ad-Hoc|Any CPU.Build.0 = Release|Any CPU
		{604121B2-3A4F-4323-A4E4-E58992E46180}.Ad-Hoc|Any CPU.Deploy.0 = Release|Any CPU
		{604121B2-3A4F-4323-A4E4-E58992E46180}.Ad-Hoc|ARM.ActiveCfg = Release|Any CPU
		{604121B2-3A4F-4323-A4E4-E58992E46180}.Ad-Hoc|ARM.Build.0 = Release|Any CPU
		{604121B2-3A4F-4323-A4E4-E58992E46180}.Ad-Hoc|ARM.Deploy.0 = Release|Any CPU
		{604121B2-3A4F-4323-A4E4-E58992E46180}.Ad-Hoc|iPhone.ActiveCfg = Release|Any CPU
		{604121B2-3A4F-4323-A4E4-E58992E46180}.Ad-Hoc|iPhone.Build.0 = Release|Any CPU
		{604121B2-3A4F-4323-A4E4-E58992E46180}.Ad-Hoc|iPhone.Deploy.0 = Release|Any CPU
		{604121B2-3A4F-4323-A4E4-E58992E46180}.Ad-Hoc|iPhoneSimulator.ActiveCfg = Release|Any CPU
		{604121B2-3A4F-4323-A4E4-E58992E46180}.Ad-Hoc|iPhoneSimulator.Build.0 = Release|Any CPU
		{604121B2-3A4F-4323-A4E4-E58992E46180}.Ad-Hoc|iPhoneSimulator.Deploy.0 = Release|Any CPU
		{604121B2-3A4F-4323-A4E4-E58992E46180}.Ad-Hoc|x64.ActiveCfg = Release|Any CPU
		{604121B2-3A4F-4323-A4E4-E58992E46180}.Ad-Hoc|x64.Build.0 = Release|Any CPU
		{604121B2-3A4F-4323-A4E4-E58992E46180}.Ad-Hoc|x64.Deploy.0 = Release|Any CPU
		{604121B2-3A4F-4323-A4E4-E58992E46180}.Ad-Hoc|x86.ActiveCfg = Release|Any CPU
		{604121B2-3A4F-4323-A4E4-E58992E46180}.Ad-Hoc|x86.Build.0 = Release|Any CPU
		{604121B2-3A4F-4323-A4E4-E58992E46180}.Ad-Hoc|x86.Deploy.0 = Release|Any CPU
		{604121B2-3A4F-4323-A4E4-E58992E46180}.AppStore|Any CPU.ActiveCfg = Release|Any CPU
		{604121B2-3A4F-4323-A4E4-E58992E46180}.AppStore|Any CPU.Build.0 = Release|Any CPU
		{604121B2-3A4F-4323-A4E4-E58992E46180}.AppStore|Any CPU.Deploy.0 = Release|Any CPU
		{604121B2-3A4F-4323-A4E4-E58992E46180}.AppStore|ARM.ActiveCfg = Release|Any CPU
		{604121B2-3A4F-4323-A4E4-E58992E46180}.AppStore|ARM.Build.0 = Release|Any CPU
		{604121B2-3A4F-4323-A4E4-E58992E46180}.AppStore|ARM.Deploy.0 = Release|Any CPU
		{604121B2-3A4F-4323-A4E4-E58992E46180}.AppStore|iPhone.ActiveCfg = Release|Any CPU
		{604121B2-3A4F-4323-A4E4-E58992E46180}.AppStore|iPhone.Build.0 = Release|Any CPU
		{604121B2-3A4F-4323-A4E4-E58992E46180}.AppStore|iPhone.Deploy.0 = Release|Any CPU
		{604121B2-3A4F-4323-A4E4-E58992E46180}.AppStore|iPhoneSimulator.ActiveCfg = Release|Any CPU
		{604121B2-3A4F-4323-A4E4-E58992E46180}.AppStore|iPhoneSimulator.Build.0 = Release|Any CPU
		{604121B2-3A4F-4323-A4E4-E58992E46180}.AppStore|iPhoneSimulator.Deploy.0 = Release|Any CPU
		{604121B2-3A4F-4323-A4E4-E58992E46180}.AppStore|x64.ActiveCfg = Release|Any CPU
		{604121B2-3A4F-4323-A4E4-E58992E46180}.AppStore|x64.Build.0 = Release|Any CPU
		{604121B2-3A4F-4323-A4E4-E58992E46180}.AppStore|x64.Deploy.0 = Release|Any CPU
		{604121B2-3A4F-4323-A4E4-E58992E46180}.AppStore|x86.ActiveCfg = Release|Any CPU
		{604121B2-3A4F-4323-A4E4-E58992E46180}.AppStore|x86.Build.0 = Release|Any CPU
		{604121B2-3A4F-4323-A4E4-E58992E46180}.AppStore|x86.Deploy.0 = Release|Any CPU
		{604121B2-3A4F-4323-A4E4-E58992E46180}.Debug|Any CPU.ActiveCfg = Debug|Any CPU
		{604121B2-3A4F-4323-A4E4-E58992E46180}.Debug|Any CPU.Build.0 = Debug|Any CPU
		{604121B2-3A4F-4323-A4E4-E58992E46180}.Debug|Any CPU.Deploy.0 = Debug|Any CPU
		{604121B2-3A4F-4323-A4E4-E58992E46180}.Debug|ARM.ActiveCfg = Debug|Any CPU
		{604121B2-3A4F-4323-A4E4-E58992E46180}.Debug|ARM.Build.0 = Debug|Any CPU
		{604121B2-3A4F-4323-A4E4-E58992E46180}.Debug|ARM.Deploy.0 = Debug|Any CPU
		{604121B2-3A4F-4323-A4E4-E58992E46180}.Debug|iPhone.ActiveCfg = Debug|Any CPU
		{604121B2-3A4F-4323-A4E4-E58992E46180}.Debug|iPhone.Build.0 = Debug|Any CPU
		{604121B2-3A4F-4323-A4E4-E58992E46180}.Debug|iPhone.Deploy.0 = Debug|Any CPU
		{604121B2-3A4F-4323-A4E4-E58992E46180}.Debug|iPhoneSimulator.ActiveCfg = Debug|Any CPU
		{604121B2-3A4F-4323-A4E4-E58992E46180}.Debug|iPhoneSimulator.Build.0 = Debug|Any CPU
		{604121B2-3A4F-4323-A4E4-E58992E46180}.Debug|iPhoneSimulator.Deploy.0 = Debug|Any CPU
		{604121B2-3A4F-4323-A4E4-E58992E46180}.Debug|x64.ActiveCfg = Debug|Any CPU
		{604121B2-3A4F-4323-A4E4-E58992E46180}.Debug|x64.Build.0 = Debug|Any CPU
		{604121B2-3A4F-4323-A4E4-E58992E46180}.Debug|x64.Deploy.0 = Debug|Any CPU
		{604121B2-3A4F-4323-A4E4-E58992E46180}.Debug|x86.ActiveCfg = Debug|Any CPU
		{604121B2-3A4F-4323-A4E4-E58992E46180}.Debug|x86.Build.0 = Debug|Any CPU
		{604121B2-3A4F-4323-A4E4-E58992E46180}.Debug|x86.Deploy.0 = Debug|Any CPU
		{604121B2-3A4F-4323-A4E4-E58992E46180}.Release|Any CPU.ActiveCfg = Release|Any CPU
		{604121B2-3A4F-4323-A4E4-E58992E46180}.Release|Any CPU.Build.0 = Release|Any CPU
		{604121B2-3A4F-4323-A4E4-E58992E46180}.Release|Any CPU.Deploy.0 = Release|Any CPU
		{604121B2-3A4F-4323-A4E4-E58992E46180}.Release|ARM.ActiveCfg = Release|Any CPU
		{604121B2-3A4F-4323-A4E4-E58992E46180}.Release|ARM.Build.0 = Release|Any CPU
		{604121B2-3A4F-4323-A4E4-E58992E46180}.Release|ARM.Deploy.0 = Release|Any CPU
		{604121B2-3A4F-4323-A4E4-E58992E46180}.Release|iPhone.ActiveCfg = Release|Any CPU
		{604121B2-3A4F-4323-A4E4-E58992E46180}.Release|iPhone.Build.0 = Release|Any CPU
		{604121B2-3A4F-4323-A4E4-E58992E46180}.Release|iPhone.Deploy.0 = Release|Any CPU
		{604121B2-3A4F-4323-A4E4-E58992E46180}.Release|iPhoneSimulator.ActiveCfg = Release|Any CPU
		{604121B2-3A4F-4323-A4E4-E58992E46180}.Release|iPhoneSimulator.Build.0 = Release|Any CPU
		{604121B2-3A4F-4323-A4E4-E58992E46180}.Release|iPhoneSimulator.Deploy.0 = Release|Any CPU
		{604121B2-3A4F-4323-A4E4-E58992E46180}.Release|x64.ActiveCfg = Release|Any CPU
		{604121B2-3A4F-4323-A4E4-E58992E46180}.Release|x64.Build.0 = Release|Any CPU
		{604121B2-3A4F-4323-A4E4-E58992E46180}.Release|x64.Deploy.0 = Release|Any CPU
		{604121B2-3A4F-4323-A4E4-E58992E46180}.Release|x86.ActiveCfg = Release|Any CPU
		{604121B2-3A4F-4323-A4E4-E58992E46180}.Release|x86.Build.0 = Release|Any CPU
		{604121B2-3A4F-4323-A4E4-E58992E46180}.Release|x86.Deploy.0 = Release|Any CPU
		{D17EBFC7-B7F2-4C3A-A54E-4C3A162EABF8}.Ad-Hoc|Any CPU.ActiveCfg = Ad-Hoc|iPhone
		{D17EBFC7-B7F2-4C3A-A54E-4C3A162EABF8}.Ad-Hoc|ARM.ActiveCfg = Ad-Hoc|iPhone
		{D17EBFC7-B7F2-4C3A-A54E-4C3A162EABF8}.Ad-Hoc|iPhone.ActiveCfg = Ad-Hoc|iPhone
		{D17EBFC7-B7F2-4C3A-A54E-4C3A162EABF8}.Ad-Hoc|iPhone.Build.0 = Ad-Hoc|iPhone
		{D17EBFC7-B7F2-4C3A-A54E-4C3A162EABF8}.Ad-Hoc|iPhoneSimulator.ActiveCfg = Ad-Hoc|iPhoneSimulator
		{D17EBFC7-B7F2-4C3A-A54E-4C3A162EABF8}.Ad-Hoc|iPhoneSimulator.Build.0 = Ad-Hoc|iPhoneSimulator
		{D17EBFC7-B7F2-4C3A-A54E-4C3A162EABF8}.Ad-Hoc|x64.ActiveCfg = Ad-Hoc|iPhone
		{D17EBFC7-B7F2-4C3A-A54E-4C3A162EABF8}.Ad-Hoc|x86.ActiveCfg = Ad-Hoc|iPhone
		{D17EBFC7-B7F2-4C3A-A54E-4C3A162EABF8}.AppStore|Any CPU.ActiveCfg = AppStore|iPhone
		{D17EBFC7-B7F2-4C3A-A54E-4C3A162EABF8}.AppStore|ARM.ActiveCfg = AppStore|iPhone
		{D17EBFC7-B7F2-4C3A-A54E-4C3A162EABF8}.AppStore|iPhone.ActiveCfg = AppStore|iPhone
		{D17EBFC7-B7F2-4C3A-A54E-4C3A162EABF8}.AppStore|iPhone.Build.0 = AppStore|iPhone
		{D17EBFC7-B7F2-4C3A-A54E-4C3A162EABF8}.AppStore|iPhoneSimulator.ActiveCfg = AppStore|iPhoneSimulator
		{D17EBFC7-B7F2-4C3A-A54E-4C3A162EABF8}.AppStore|iPhoneSimulator.Build.0 = AppStore|iPhoneSimulator
		{D17EBFC7-B7F2-4C3A-A54E-4C3A162EABF8}.AppStore|x64.ActiveCfg = AppStore|iPhone
		{D17EBFC7-B7F2-4C3A-A54E-4C3A162EABF8}.AppStore|x86.ActiveCfg = AppStore|iPhone
		{D17EBFC7-B7F2-4C3A-A54E-4C3A162EABF8}.Debug|Any CPU.ActiveCfg = Debug|iPhone
		{D17EBFC7-B7F2-4C3A-A54E-4C3A162EABF8}.Debug|ARM.ActiveCfg = Debug|iPhone
		{D17EBFC7-B7F2-4C3A-A54E-4C3A162EABF8}.Debug|iPhone.ActiveCfg = Debug|iPhone
		{D17EBFC7-B7F2-4C3A-A54E-4C3A162EABF8}.Debug|iPhone.Build.0 = Debug|iPhone
		{D17EBFC7-B7F2-4C3A-A54E-4C3A162EABF8}.Debug|iPhoneSimulator.ActiveCfg = Debug|iPhoneSimulator
		{D17EBFC7-B7F2-4C3A-A54E-4C3A162EABF8}.Debug|iPhoneSimulator.Build.0 = Debug|iPhoneSimulator
		{D17EBFC7-B7F2-4C3A-A54E-4C3A162EABF8}.Debug|x64.ActiveCfg = Debug|iPhone
		{D17EBFC7-B7F2-4C3A-A54E-4C3A162EABF8}.Debug|x86.ActiveCfg = Debug|iPhone
		{D17EBFC7-B7F2-4C3A-A54E-4C3A162EABF8}.Release|Any CPU.ActiveCfg = Release|iPhone
		{D17EBFC7-B7F2-4C3A-A54E-4C3A162EABF8}.Release|ARM.ActiveCfg = Release|iPhone
		{D17EBFC7-B7F2-4C3A-A54E-4C3A162EABF8}.Release|iPhone.ActiveCfg = Release|iPhone
		{D17EBFC7-B7F2-4C3A-A54E-4C3A162EABF8}.Release|iPhone.Build.0 = Release|iPhone
		{D17EBFC7-B7F2-4C3A-A54E-4C3A162EABF8}.Release|iPhoneSimulator.ActiveCfg = Release|iPhoneSimulator
		{D17EBFC7-B7F2-4C3A-A54E-4C3A162EABF8}.Release|iPhoneSimulator.Build.0 = Release|iPhoneSimulator
		{D17EBFC7-B7F2-4C3A-A54E-4C3A162EABF8}.Release|x64.ActiveCfg = Release|iPhone
		{D17EBFC7-B7F2-4C3A-A54E-4C3A162EABF8}.Release|x86.ActiveCfg = Release|iPhone
		{FA09AFEC-40EE-4E33-9DEB-334494521E6C}.Ad-Hoc|Any CPU.ActiveCfg = Release|x86
		{FA09AFEC-40EE-4E33-9DEB-334494521E6C}.Ad-Hoc|Any CPU.Build.0 = Release|x86
		{FA09AFEC-40EE-4E33-9DEB-334494521E6C}.Ad-Hoc|Any CPU.Deploy.0 = Release|x86
		{FA09AFEC-40EE-4E33-9DEB-334494521E6C}.Ad-Hoc|ARM.ActiveCfg = Release|ARM
		{FA09AFEC-40EE-4E33-9DEB-334494521E6C}.Ad-Hoc|ARM.Build.0 = Release|ARM
		{FA09AFEC-40EE-4E33-9DEB-334494521E6C}.Ad-Hoc|ARM.Deploy.0 = Release|ARM
		{FA09AFEC-40EE-4E33-9DEB-334494521E6C}.Ad-Hoc|iPhone.ActiveCfg = Release|x86
		{FA09AFEC-40EE-4E33-9DEB-334494521E6C}.Ad-Hoc|iPhone.Build.0 = Release|x86
		{FA09AFEC-40EE-4E33-9DEB-334494521E6C}.Ad-Hoc|iPhone.Deploy.0 = Release|x86
		{FA09AFEC-40EE-4E33-9DEB-334494521E6C}.Ad-Hoc|iPhoneSimulator.ActiveCfg = Release|x86
		{FA09AFEC-40EE-4E33-9DEB-334494521E6C}.Ad-Hoc|iPhoneSimulator.Build.0 = Release|x86
		{FA09AFEC-40EE-4E33-9DEB-334494521E6C}.Ad-Hoc|iPhoneSimulator.Deploy.0 = Release|x86
		{FA09AFEC-40EE-4E33-9DEB-334494521E6C}.Ad-Hoc|x64.ActiveCfg = Release|x64
		{FA09AFEC-40EE-4E33-9DEB-334494521E6C}.Ad-Hoc|x64.Build.0 = Release|x64
		{FA09AFEC-40EE-4E33-9DEB-334494521E6C}.Ad-Hoc|x64.Deploy.0 = Release|x64
		{FA09AFEC-40EE-4E33-9DEB-334494521E6C}.Ad-Hoc|x86.ActiveCfg = Release|x86
		{FA09AFEC-40EE-4E33-9DEB-334494521E6C}.Ad-Hoc|x86.Build.0 = Release|x86
		{FA09AFEC-40EE-4E33-9DEB-334494521E6C}.Ad-Hoc|x86.Deploy.0 = Release|x86
		{FA09AFEC-40EE-4E33-9DEB-334494521E6C}.AppStore|Any CPU.ActiveCfg = Release|x86
		{FA09AFEC-40EE-4E33-9DEB-334494521E6C}.AppStore|Any CPU.Build.0 = Release|x86
		{FA09AFEC-40EE-4E33-9DEB-334494521E6C}.AppStore|Any CPU.Deploy.0 = Release|x86
		{FA09AFEC-40EE-4E33-9DEB-334494521E6C}.AppStore|ARM.ActiveCfg = Release|ARM
		{FA09AFEC-40EE-4E33-9DEB-334494521E6C}.AppStore|ARM.Build.0 = Release|ARM
		{FA09AFEC-40EE-4E33-9DEB-334494521E6C}.AppStore|ARM.Deploy.0 = Release|ARM
		{FA09AFEC-40EE-4E33-9DEB-334494521E6C}.AppStore|iPhone.ActiveCfg = Release|x86
		{FA09AFEC-40EE-4E33-9DEB-334494521E6C}.AppStore|iPhone.Build.0 = Release|x86
		{FA09AFEC-40EE-4E33-9DEB-334494521E6C}.AppStore|iPhone.Deploy.0 = Release|x86
		{FA09AFEC-40EE-4E33-9DEB-334494521E6C}.AppStore|iPhoneSimulator.ActiveCfg = Release|x86
		{FA09AFEC-40EE-4E33-9DEB-334494521E6C}.AppStore|iPhoneSimulator.Build.0 = Release|x86
		{FA09AFEC-40EE-4E33-9DEB-334494521E6C}.AppStore|iPhoneSimulator.Deploy.0 = Release|x86
		{FA09AFEC-40EE-4E33-9DEB-334494521E6C}.AppStore|x64.ActiveCfg = Release|x64
		{FA09AFEC-40EE-4E33-9DEB-334494521E6C}.AppStore|x64.Build.0 = Release|x64
		{FA09AFEC-40EE-4E33-9DEB-334494521E6C}.AppStore|x64.Deploy.0 = Release|x64
		{FA09AFEC-40EE-4E33-9DEB-334494521E6C}.AppStore|x86.ActiveCfg = Release|x86
		{FA09AFEC-40EE-4E33-9DEB-334494521E6C}.AppStore|x86.Build.0 = Release|x86
		{FA09AFEC-40EE-4E33-9DEB-334494521E6C}.AppStore|x86.Deploy.0 = Release|x86
		{FA09AFEC-40EE-4E33-9DEB-334494521E6C}.Debug|Any CPU.ActiveCfg = Debug|x86
		{FA09AFEC-40EE-4E33-9DEB-334494521E6C}.Debug|ARM.ActiveCfg = Debug|ARM
		{FA09AFEC-40EE-4E33-9DEB-334494521E6C}.Debug|ARM.Build.0 = Debug|ARM
		{FA09AFEC-40EE-4E33-9DEB-334494521E6C}.Debug|ARM.Deploy.0 = Debug|ARM
		{FA09AFEC-40EE-4E33-9DEB-334494521E6C}.Debug|iPhone.ActiveCfg = Debug|x86
		{FA09AFEC-40EE-4E33-9DEB-334494521E6C}.Debug|iPhoneSimulator.ActiveCfg = Debug|x86
		{FA09AFEC-40EE-4E33-9DEB-334494521E6C}.Debug|x64.ActiveCfg = Debug|x64
		{FA09AFEC-40EE-4E33-9DEB-334494521E6C}.Debug|x64.Build.0 = Debug|x64
		{FA09AFEC-40EE-4E33-9DEB-334494521E6C}.Debug|x64.Deploy.0 = Debug|x64
		{FA09AFEC-40EE-4E33-9DEB-334494521E6C}.Debug|x86.ActiveCfg = Debug|x86
		{FA09AFEC-40EE-4E33-9DEB-334494521E6C}.Debug|x86.Build.0 = Debug|x86
		{FA09AFEC-40EE-4E33-9DEB-334494521E6C}.Debug|x86.Deploy.0 = Debug|x86
		{FA09AFEC-40EE-4E33-9DEB-334494521E6C}.Release|Any CPU.ActiveCfg = Release|x86
		{FA09AFEC-40EE-4E33-9DEB-334494521E6C}.Release|ARM.ActiveCfg = Release|ARM
		{FA09AFEC-40EE-4E33-9DEB-334494521E6C}.Release|ARM.Build.0 = Release|ARM
		{FA09AFEC-40EE-4E33-9DEB-334494521E6C}.Release|ARM.Deploy.0 = Release|ARM
		{FA09AFEC-40EE-4E33-9DEB-334494521E6C}.Release|iPhone.ActiveCfg = Release|x86
		{FA09AFEC-40EE-4E33-9DEB-334494521E6C}.Release|iPhoneSimulator.ActiveCfg = Release|x86
		{FA09AFEC-40EE-4E33-9DEB-334494521E6C}.Release|x64.ActiveCfg = Release|x64
		{FA09AFEC-40EE-4E33-9DEB-334494521E6C}.Release|x64.Build.0 = Release|x64
		{FA09AFEC-40EE-4E33-9DEB-334494521E6C}.Release|x64.Deploy.0 = Release|x64
		{FA09AFEC-40EE-4E33-9DEB-334494521E6C}.Release|x86.ActiveCfg = Release|x86
		{FA09AFEC-40EE-4E33-9DEB-334494521E6C}.Release|x86.Build.0 = Release|x86
		{FA09AFEC-40EE-4E33-9DEB-334494521E6C}.Release|x86.Deploy.0 = Release|x86
		{A8701F7E-31BE-46D5-B9F2-DCE014611552}.Ad-Hoc|Any CPU.ActiveCfg = Debug|Any CPU
		{A8701F7E-31BE-46D5-B9F2-DCE014611552}.Ad-Hoc|Any CPU.Build.0 = Debug|Any CPU
		{A8701F7E-31BE-46D5-B9F2-DCE014611552}.Ad-Hoc|ARM.ActiveCfg = Debug|Any CPU
		{A8701F7E-31BE-46D5-B9F2-DCE014611552}.Ad-Hoc|ARM.Build.0 = Debug|Any CPU
		{A8701F7E-31BE-46D5-B9F2-DCE014611552}.Ad-Hoc|iPhone.ActiveCfg = Debug|Any CPU
		{A8701F7E-31BE-46D5-B9F2-DCE014611552}.Ad-Hoc|iPhone.Build.0 = Debug|Any CPU
		{A8701F7E-31BE-46D5-B9F2-DCE014611552}.Ad-Hoc|iPhoneSimulator.ActiveCfg = Debug|Any CPU
		{A8701F7E-31BE-46D5-B9F2-DCE014611552}.Ad-Hoc|iPhoneSimulator.Build.0 = Debug|Any CPU
		{A8701F7E-31BE-46D5-B9F2-DCE014611552}.Ad-Hoc|x64.ActiveCfg = Debug|Any CPU
		{A8701F7E-31BE-46D5-B9F2-DCE014611552}.Ad-Hoc|x64.Build.0 = Debug|Any CPU
		{A8701F7E-31BE-46D5-B9F2-DCE014611552}.Ad-Hoc|x86.ActiveCfg = Debug|Any CPU
		{A8701F7E-31BE-46D5-B9F2-DCE014611552}.Ad-Hoc|x86.Build.0 = Debug|Any CPU
		{A8701F7E-31BE-46D5-B9F2-DCE014611552}.AppStore|Any CPU.ActiveCfg = Debug|Any CPU
		{A8701F7E-31BE-46D5-B9F2-DCE014611552}.AppStore|Any CPU.Build.0 = Debug|Any CPU
		{A8701F7E-31BE-46D5-B9F2-DCE014611552}.AppStore|ARM.ActiveCfg = Debug|Any CPU
		{A8701F7E-31BE-46D5-B9F2-DCE014611552}.AppStore|ARM.Build.0 = Debug|Any CPU
		{A8701F7E-31BE-46D5-B9F2-DCE014611552}.AppStore|iPhone.ActiveCfg = Debug|Any CPU
		{A8701F7E-31BE-46D5-B9F2-DCE014611552}.AppStore|iPhone.Build.0 = Debug|Any CPU
		{A8701F7E-31BE-46D5-B9F2-DCE014611552}.AppStore|iPhoneSimulator.ActiveCfg = Debug|Any CPU
		{A8701F7E-31BE-46D5-B9F2-DCE014611552}.AppStore|iPhoneSimulator.Build.0 = Debug|Any CPU
		{A8701F7E-31BE-46D5-B9F2-DCE014611552}.AppStore|x64.ActiveCfg = Debug|Any CPU
		{A8701F7E-31BE-46D5-B9F2-DCE014611552}.AppStore|x64.Build.0 = Debug|Any CPU
		{A8701F7E-31BE-46D5-B9F2-DCE014611552}.AppStore|x86.ActiveCfg = Debug|Any CPU
		{A8701F7E-31BE-46D5-B9F2-DCE014611552}.AppStore|x86.Build.0 = Debug|Any CPU
		{A8701F7E-31BE-46D5-B9F2-DCE014611552}.Debug|Any CPU.ActiveCfg = Debug|Any CPU
		{A8701F7E-31BE-46D5-B9F2-DCE014611552}.Debug|Any CPU.Build.0 = Debug|Any CPU
		{A8701F7E-31BE-46D5-B9F2-DCE014611552}.Debug|ARM.ActiveCfg = Debug|Any CPU
		{A8701F7E-31BE-46D5-B9F2-DCE014611552}.Debug|ARM.Build.0 = Debug|Any CPU
		{A8701F7E-31BE-46D5-B9F2-DCE014611552}.Debug|iPhone.ActiveCfg = Debug|Any CPU
		{A8701F7E-31BE-46D5-B9F2-DCE014611552}.Debug|iPhone.Build.0 = Debug|Any CPU
		{A8701F7E-31BE-46D5-B9F2-DCE014611552}.Debug|iPhoneSimulator.ActiveCfg = Debug|Any CPU
		{A8701F7E-31BE-46D5-B9F2-DCE014611552}.Debug|iPhoneSimulator.Build.0 = Debug|Any CPU
		{A8701F7E-31BE-46D5-B9F2-DCE014611552}.Debug|x64.ActiveCfg = Debug|Any CPU
		{A8701F7E-31BE-46D5-B9F2-DCE014611552}.Debug|x64.Build.0 = Debug|Any CPU
		{A8701F7E-31BE-46D5-B9F2-DCE014611552}.Debug|x86.ActiveCfg = Debug|Any CPU
		{A8701F7E-31BE-46D5-B9F2-DCE014611552}.Debug|x86.Build.0 = Debug|Any CPU
		{A8701F7E-31BE-46D5-B9F2-DCE014611552}.Release|Any CPU.ActiveCfg = Release|Any CPU
		{A8701F7E-31BE-46D5-B9F2-DCE014611552}.Release|Any CPU.Build.0 = Release|Any CPU
		{A8701F7E-31BE-46D5-B9F2-DCE014611552}.Release|ARM.ActiveCfg = Release|Any CPU
		{A8701F7E-31BE-46D5-B9F2-DCE014611552}.Release|ARM.Build.0 = Release|Any CPU
		{A8701F7E-31BE-46D5-B9F2-DCE014611552}.Release|iPhone.ActiveCfg = Release|Any CPU
		{A8701F7E-31BE-46D5-B9F2-DCE014611552}.Release|iPhone.Build.0 = Release|Any CPU
		{A8701F7E-31BE-46D5-B9F2-DCE014611552}.Release|iPhoneSimulator.ActiveCfg = Release|Any CPU
		{A8701F7E-31BE-46D5-B9F2-DCE014611552}.Release|iPhoneSimulator.Build.0 = Release|Any CPU
		{A8701F7E-31BE-46D5-B9F2-DCE014611552}.Release|x64.ActiveCfg = Release|Any CPU
		{A8701F7E-31BE-46D5-B9F2-DCE014611552}.Release|x64.Build.0 = Release|Any CPU
		{A8701F7E-31BE-46D5-B9F2-DCE014611552}.Release|x86.ActiveCfg = Release|Any CPU
		{A8701F7E-31BE-46D5-B9F2-DCE014611552}.Release|x86.Build.0 = Release|Any CPU
	EndGlobalSection
	GlobalSection(SolutionProperties) = preSolution
		HideSolutionNode = FALSE
	EndGlobalSection
	GlobalSection(ExtensibilityGlobals) = postSolution
		SolutionGuid = {00A5A678-73A9-435C-B793-A68970EAA226}
	EndGlobalSection
EndGlobal
